// !$*UTF8*$!
{
	archiveVersion = 1;
	classes = {
	};
	objectVersion = 77;
	objects = {

/* Begin PBXBuildFile section */
		7AFB22832F3E45110036CD93 /* Nimble in Frameworks */ = {isa = PBXBuildFile; productRef = 7AFB22822F3E45110036CD93 /* Nimble */; };
		7AFB22852F3E45110036CD93 /* FactoryKit in Frameworks */ = {isa = PBXBuildFile; productRef = 7AFB22862F3E45110036CD93 /* FactoryKit */; };
		7AFB22892F3E45110036CD93 /* FactoryTesting in Frameworks */ = {isa = PBXBuildFile; productRef = 7AFB228A2F3E45110036CD93 /* FactoryTesting */; };
/* End PBXBuildFile section */

/* Begin PBXContainerItemProxy section */
		7AFB22652F3E45110036CD93 /* PBXContainerItemProxy */ = {
			isa = PBXContainerItemProxy;
			containerPortal = 7AFB224F2F3E450F0036CD93 /* Project object */;
			proxyType = 1;
			remoteGlobalIDString = 7AFB22562F3E450F0036CD93;
			remoteInfo = AIInstruments;
		};
		7AFB226F2F3E45110036CD93 /* PBXContainerItemProxy */ = {
			isa = PBXContainerItemProxy;
			containerPortal = 7AFB224F2F3E450F0036CD93 /* Project object */;
			proxyType = 1;
			remoteGlobalIDString = 7AFB22562F3E450F0036CD93;
			remoteInfo = AIInstruments;
		};
/* End PBXContainerItemProxy section */

/* Begin PBXFileReference section */
		7AFB22572F3E450F0036CD93 /* AIInstruments.app */ = {isa = PBXFileReference; explicitFileType = wrapper.application; includeInIndex = 0; path = AIInstruments.app; sourceTree = BUILT_PRODUCTS_DIR; };
		7AFB22642F3E45110036CD93 /* AIInstrumentsTests.xctest */ = {isa = PBXFileReference; explicitFileType = wrapper.cfbundle; includeInIndex = 0; path = AIInstrumentsTests.xctest; sourceTree = BUILT_PRODUCTS_DIR; };
		7AFB226E2F3E45110036CD93 /* AIInstrumentsUITests.xctest */ = {isa = PBXFileReference; explicitFileType = wrapper.cfbundle; includeInIndex = 0; path = AIInstrumentsUITests.xctest; sourceTree = BUILT_PRODUCTS_DIR; };
/* End PBXFileReference section */

/* Begin PBXFileSystemSynchronizedRootGroup section */
		7AFB22592F3E450F0036CD93 /* AIInstruments */ = {
			isa = PBXFileSystemSynchronizedRootGroup;
			path = AIInstruments;
			sourceTree = "<group>";
		};
		7AFB22672F3E45110036CD93 /* AIInstrumentsTests */ = {
			isa = PBXFileSystemSynchronizedRootGroup;
			path = AIInstrumentsTests;
			sourceTree = "<group>";
		};
		7AFB22712F3E45110036CD93 /* AIInstrumentsUITests */ = {
			isa = PBXFileSystemSynchronizedRootGroup;
			path = AIInstrumentsUITests;
			sourceTree = "<group>";
		};
/* End PBXFileSystemSynchronizedRootGroup section */

/* Begin PBXFrameworksBuildPhase section */
		7AFB22542F3E450F0036CD93 /* Frameworks */ = {
			isa = PBXFrameworksBuildPhase;
			buildActionMask = 2147483647;
			files = (
				7AFB22852F3E45110036CD93 /* FactoryKit in Frameworks */,
			);
			runOnlyForDeploymentPostprocessing = 0;
		};
		7AFB22612F3E45110036CD93 /* Frameworks */ = {
			isa = PBXFrameworksBuildPhase;
			buildActionMask = 2147483647;
			files = (
				7AFB22832F3E45110036CD93 /* Nimble in Frameworks */,
				7AFB22892F3E45110036CD93 /* FactoryTesting in Frameworks */,
			);
			runOnlyForDeploymentPostprocessing = 0;
		};
		7AFB226B2F3E45110036CD93 /* Frameworks */ = {
			isa = PBXFrameworksBuildPhase;
			buildActionMask = 2147483647;
			files = (
			);
			runOnlyForDeploymentPostprocessing = 0;
		};
/* End PBXFrameworksBuildPhase section */

/* Begin PBXGroup section */
		7AFB224E2F3E450F0036CD93 = {
			isa = PBXGroup;
			children = (
				7AFB22592F3E450F0036CD93 /* AIInstruments */,
				7AFB22672F3E45110036CD93 /* AIInstrumentsTests */,
				7AFB22712F3E45110036CD93 /* AIInstrumentsUITests */,
				7AFB22582F3E450F0036CD93 /* Products */,
			);
			sourceTree = "<group>";
		};
		7AFB22582F3E450F0036CD93 /* Products */ = {
			isa = PBXGroup;
			children = (
				7AFB22572F3E450F0036CD93 /* AIInstruments.app */,
				7AFB22642F3E45110036CD93 /* AIInstrumentsTests.xctest */,
				7AFB226E2F3E45110036CD93 /* AIInstrumentsUITests.xctest */,
			);
			name = Products;
			sourceTree = "<group>";
		};
/* End PBXGroup section */

/* Begin PBXNativeTarget section */
		7AFB22562F3E450F0036CD93 /* AIInstruments */ = {
			isa = PBXNativeTarget;
			buildConfigurationList = 7AFB22782F3E45110036CD93 /* Build configuration list for PBXNativeTarget "AIInstruments" */;
			buildPhases = (
				7AFB22532F3E450F0036CD93 /* Sources */,
				7AFB22542F3E450F0036CD93 /* Frameworks */,
				7AFB22552F3E450F0036CD93 /* Resources */,
			);
			buildRules = (
			);
			dependencies = (
			);
			fileSystemSynchronizedGroups = (
				7AFB22592F3E450F0036CD93 /* AIInstruments */,
			);
			name = AIInstruments;
			packageProductDependencies = (
				7AFB22862F3E45110036CD93 /* FactoryKit */,
			);
			productName = AIInstruments;
			productReference = 7AFB22572F3E450F0036CD93 /* AIInstruments.app */;
			productType = "com.apple.product-type.application";
		};
		7AFB22632F3E45110036CD93 /* AIInstrumentsTests */ = {
			isa = PBXNativeTarget;
			buildConfigurationList = 7AFB227B2F3E45110036CD93 /* Build configuration list for PBXNativeTarget "AIInstrumentsTests" */;
			buildPhases = (
				7AFB22602F3E45110036CD93 /* Sources */,
				7AFB22612F3E45110036CD93 /* Frameworks */,
				7AFB22622F3E45110036CD93 /* Resources */,
			);
			buildRules = (
			);
			dependencies = (
				7AFB22662F3E45110036CD93 /* PBXTargetDependency */,
			);
			fileSystemSynchronizedGroups = (
				7AFB22672F3E45110036CD93 /* AIInstrumentsTests */,
			);
			name = AIInstrumentsTests;
			packageProductDependencies = (
				7AFB22822F3E45110036CD93 /* Nimble */,
				7AFB228A2F3E45110036CD93 /* FactoryTesting */,
			);
			productName = AIInstrumentsTests;
			productReference = 7AFB22642F3E45110036CD93 /* AIInstrumentsTests.xctest */;
			productType = "com.apple.product-type.bundle.unit-test";
		};
		7AFB226D2F3E45110036CD93 /* AIInstrumentsUITests */ = {
			isa = PBXNativeTarget;
			buildConfigurationList = 7AFB227E2F3E45110036CD93 /* Build configuration list for PBXNativeTarget "AIInstrumentsUITests" */;
			buildPhases = (
				7AFB226A2F3E45110036CD93 /* Sources */,
				7AFB226B2F3E45110036CD93 /* Frameworks */,
				7AFB226C2F3E45110036CD93 /* Resources */,
			);
			buildRules = (
			);
			dependencies = (
				7AFB22702F3E45110036CD93 /* PBXTargetDependency */,
			);
			fileSystemSynchronizedGroups = (
				7AFB22712F3E45110036CD93 /* AIInstrumentsUITests */,
			);
			name = AIInstrumentsUITests;
			packageProductDependencies = (
			);
			productName = AIInstrumentsUITests;
			productReference = 7AFB226E2F3E45110036CD93 /* AIInstrumentsUITests.xctest */;
			productType = "com.apple.product-type.bundle.ui-testing";
		};
/* End PBXNativeTarget section */

/* Begin PBXProject section */
		7AFB224F2F3E450F0036CD93 /* Project object */ = {
			isa = PBXProject;
			attributes = {
				BuildIndependentTargetsInParallel = 1;
				LastSwiftUpdateCheck = 2630;
				LastUpgradeCheck = 2630;
				TargetAttributes = {
					7AFB22562F3E450F0036CD93 = {
						CreatedOnToolsVersion = 26.3;
					};
					7AFB22632F3E45110036CD93 = {
						CreatedOnToolsVersion = 26.3;
						TestTargetID = 7AFB22562F3E450F0036CD93;
					};
					7AFB226D2F3E45110036CD93 = {
						CreatedOnToolsVersion = 26.3;
						TestTargetID = 7AFB22562F3E450F0036CD93;
					};
				};
			};
			buildConfigurationList = 7AFB22522F3E450F0036CD93 /* Build configuration list for PBXProject "AIInstruments" */;
			developmentRegion = en;
			hasScannedForEncodings = 0;
			knownRegions = (
				en,
				Base,
			);
			mainGroup = 7AFB224E2F3E450F0036CD93;
			minimizedProjectReferenceProxies = 1;
			packageReferences = (
				7AFB22812F3E45110036CD93 /* XCRemoteSwiftPackageReference "Nimble" */,
				7AFB22842F3E45110036CD93 /* XCRemoteSwiftPackageReference "Factory" */,
			);
			preferredProjectObjectVersion = 77;
			productRefGroup = 7AFB22582F3E450F0036CD93 /* Products */;
			projectDirPath = "";
			projectRoot = "";
			targets = (
				7AFB22562F3E450F0036CD93 /* AIInstruments */,
				7AFB22632F3E45110036CD93 /* AIInstrumentsTests */,
				7AFB226D2F3E45110036CD93 /* AIInstrumentsUITests */,
			);
		};
/* End PBXProject section */

/* Begin PBXResourcesBuildPhase section */
		7AFB22552F3E450F0036CD93 /* Resources */ = {
			isa = PBXResourcesBuildPhase;
			buildActionMask = 2147483647;
			files = (
			);
			runOnlyForDeploymentPostprocessing = 0;
		};
		7AFB22622F3E45110036CD93 /* Resources */ = {
			isa = PBXResourcesBuildPhase;
			buildActionMask = 2147483647;
			files = (
			);
			runOnlyForDeploymentPostprocessing = 0;
		};
		7AFB226C2F3E45110036CD93 /* Resources */ = {
			isa = PBXResourcesBuildPhase;
			buildActionMask = 2147483647;
			files = (
			);
			runOnlyForDeploymentPostprocessing = 0;
		};
/* End PBXResourcesBuildPhase section */

/* Begin PBXSourcesBuildPhase section */
		7AFB22532F3E450F0036CD93 /* Sources */ = {
			isa = PBXSourcesBuildPhase;
			buildActionMask = 2147483647;
			files = (
			);
			runOnlyForDeploymentPostprocessing = 0;
		};
		7AFB22602F3E45110036CD93 /* Sources */ = {
			isa = PBXSourcesBuildPhase;
			buildActionMask = 2147483647;
			files = (
			);
			runOnlyForDeploymentPostprocessing = 0;
		};
		7AFB226A2F3E45110036CD93 /* Sources */ = {
			isa = PBXSourcesBuildPhase;
			buildActionMask = 2147483647;
			files = (
			);
			runOnlyForDeploymentPostprocessing = 0;
		};
/* End PBXSourcesBuildPhase section */

/* Begin PBXTargetDependency section */
		7AFB22662F3E45110036CD93 /* PBXTargetDependency */ = {
			isa = PBXTargetDependency;
			target = 7AFB22562F3E450F0036CD93 /* AIInstruments */;
			targetProxy = 7AFB22652F3E45110036CD93 /* PBXContainerItemProxy */;
		};
		7AFB22702F3E45110036CD93 /* PBXTargetDependency */ = {
			isa = PBXTargetDependency;
			target = 7AFB22562F3E450F0036CD93 /* AIInstruments */;
			targetProxy = 7AFB226F2F3E45110036CD93 /* PBXContainerItemProxy */;
		};
/* End PBXTargetDependency section */

/* Begin XCBuildConfiguration section */
		7AFB22762F3E45110036CD93 /* Debug */ = {
			isa = XCBuildConfiguration;
			buildSettings = {
				ALWAYS_SEARCH_USER_PATHS = NO;
				ASSETCATALOG_COMPILER_GENERATE_SWIFT_ASSET_SYMBOL_EXTENSIONS = YES;
				CLANG_ANALYZER_NONNULL = YES;
				CLANG_ANALYZER_NUMBER_OBJECT_CONVERSION = YES_AGGRESSIVE;
				CLANG_CXX_LANGUAGE_STANDARD = "gnu++20";
				CLANG_ENABLE_MODULES = YES;
				CLANG_ENABLE_OBJC_ARC = YES;
				CLANG_ENABLE_OBJC_WEAK = YES;
				CLANG_WARN_BLOCK_CAPTURE_AUTORELEASING = YES;
				CLANG_WARN_BOOL_CONVERSION = YES;
				CLANG_WARN_COMMA = YES;
				CLANG_WARN_CONSTANT_CONVERSION = YES;
				CLANG_WARN_DEPRECATED_OBJC_IMPLEMENTATIONS = YES;
				CLANG_WARN_DIRECT_OBJC_ISA_USAGE = YES_ERROR;
				CLANG_WARN_DOCUMENTATION_COMMENTS = YES;
				CLANG_WARN_EMPTY_BODY = YES;
				CLANG_WARN_ENUM_CONVERSION = YES;
				CLANG_WARN_INFINITE_RECURSION = YES;
				CLANG_WARN_INT_CONVERSION = YES;
				CLANG_WARN_NON_LITERAL_NULL_CONVERSION = YES;
				CLANG_WARN_OBJC_IMPLICIT_RETAIN_SELF = YES;
				CLANG_WARN_OBJC_LITERAL_CONVERSION = YES;
				CLANG_WARN_OBJC_ROOT_CLASS = YES_ERROR;
				CLANG_WARN_QUOTED_INCLUDE_IN_FRAMEWORK_HEADER = YES;
				CLANG_WARN_RANGE_LOOP_ANALYSIS = YES;
				CLANG_WARN_STRICT_PROTOTYPES = YES;
				CLANG_WARN_SUSPICIOUS_MOVE = YES;
				CLANG_WARN_UNGUARDED_AVAILABILITY = YES_AGGRESSIVE;
				CLANG_WARN_UNREACHABLE_CODE = YES;
				CLANG_WARN__DUPLICATE_METHOD_MATCH = YES;
				COPY_PHASE_STRIP = NO;
				DEBUG_INFORMATION_FORMAT = dwarf;
				DEVELOPMENT_TEAM = 472CX8NLGF;
				ENABLE_STRICT_OBJC_MSGSEND = YES;
				ENABLE_TESTABILITY = YES;
				ENABLE_USER_SCRIPT_SANDBOXING = YES;
				GCC_C_LANGUAGE_STANDARD = gnu17;
				GCC_DYNAMIC_NO_PIC = NO;
				GCC_NO_COMMON_BLOCKS = YES;
				GCC_OPTIMIZATION_LEVEL = 0;
				GCC_PREPROCESSOR_DEFINITIONS = (
					"DEBUG=1",
					"$(inherited)",
				);
				GCC_WARN_64_TO_32_BIT_CONVERSION = YES;
				GCC_WARN_ABOUT_RETURN_TYPE = YES_ERROR;
				GCC_WARN_UNDECLARED_SELECTOR = YES;
				GCC_WARN_UNINITIALIZED_AUTOS = YES_AGGRESSIVE;
				GCC_WARN_UNUSED_FUNCTION = YES;
				GCC_WARN_UNUSED_VARIABLE = YES;
				LOCALIZATION_PREFERS_STRING_CATALOGS = YES;
				MACOSX_DEPLOYMENT_TARGET = 15.0;
				MTL_ENABLE_DEBUG_INFO = INCLUDE_SOURCE;
				MTL_FAST_MATH = YES;
				ONLY_ACTIVE_ARCH = YES;
				SDKROOT = macosx;
				SWIFT_ACTIVE_COMPILATION_CONDITIONS = "DEBUG $(inherited)";
				SWIFT_OPTIMIZATION_LEVEL = "-Onone";
			};
			name = Debug;
		};
		7AFB22772F3E45110036CD93 /* Release */ = {
			isa = XCBuildConfiguration;
			buildSettings = {
				ALWAYS_SEARCH_USER_PATHS = NO;
				ASSETCATALOG_COMPILER_GENERATE_SWIFT_ASSET_SYMBOL_EXTENSIONS = YES;
				CLANG_ANALYZER_NONNULL = YES;
				CLANG_ANALYZER_NUMBER_OBJECT_CONVERSION = YES_AGGRESSIVE;
				CLANG_CXX_LANGUAGE_STANDARD = "gnu++20";
				CLANG_ENABLE_MODULES = YES;
				CLANG_ENABLE_OBJC_ARC = YES;
				CLANG_ENABLE_OBJC_WEAK = YES;
				CLANG_WARN_BLOCK_CAPTURE_AUTORELEASING = YES;
				CLANG_WARN_BOOL_CONVERSION = YES;
				CLANG_WARN_COMMA = YES;
				CLANG_WARN_CONSTANT_CONVERSION = YES;
				CLANG_WARN_DEPRECATED_OBJC_IMPLEMENTATIONS = YES;
				CLANG_WARN_DIRECT_OBJC_ISA_USAGE = YES_ERROR;
				CLANG_WARN_DOCUMENTATION_COMMENTS = YES;
				CLANG_WARN_EMPTY_BODY = YES;
				CLANG_WARN_ENUM_CONVERSION = YES;
				CLANG_WARN_INFINITE_RECURSION = YES;
				CLANG_WARN_INT_CONVERSION = YES;
				CLANG_WARN_NON_LITERAL_NULL_CONVERSION = YES;
				CLANG_WARN_OBJC_IMPLICIT_RETAIN_SELF = YES;
				CLANG_WARN_OBJC_LITERAL_CONVERSION = YES;
				CLANG_WARN_OBJC_ROOT_CLASS = YES_ERROR;
				CLANG_WARN_QUOTED_INCLUDE_IN_FRAMEWORK_HEADER = YES;
				CLANG_WARN_RANGE_LOOP_ANALYSIS = YES;
				CLANG_WARN_STRICT_PROTOTYPES = YES;
				CLANG_WARN_SUSPICIOUS_MOVE = YES;
				CLANG_WARN_UNGUARDED_AVAILABILITY = YES_AGGRESSIVE;
				CLANG_WARN_UNREACHABLE_CODE = YES;
				CLANG_WARN__DUPLICATE_METHOD_MATCH = YES;
				COPY_PHASE_STRIP = NO;
				DEBUG_INFORMATION_FORMAT = "dwarf-with-dsym";
				DEVELOPMENT_TEAM = 472CX8NLGF;
				ENABLE_NS_ASSERTIONS = NO;
				ENABLE_STRICT_OBJC_MSGSEND = YES;
				ENABLE_USER_SCRIPT_SANDBOXING = YES;
				GCC_C_LANGUAGE_STANDARD = gnu17;
				GCC_NO_COMMON_BLOCKS = YES;
				GCC_WARN_64_TO_32_BIT_CONVERSION = YES;
				GCC_WARN_ABOUT_RETURN_TYPE = YES_ERROR;
				GCC_WARN_UNDECLARED_SELECTOR = YES;
				GCC_WARN_UNINITIALIZED_AUTOS = YES_AGGRESSIVE;
				GCC_WARN_UNUSED_FUNCTION = YES;
				GCC_WARN_UNUSED_VARIABLE = YES;
				LOCALIZATION_PREFERS_STRING_CATALOGS = YES;
				MACOSX_DEPLOYMENT_TARGET = 15.0;
				MTL_ENABLE_DEBUG_INFO = NO;
				MTL_FAST_MATH = YES;
				SDKROOT = macosx;
				SWIFT_COMPILATION_MODE = wholemodule;
			};
			name = Release;
		};
		7AFB22792F3E45110036CD93 /* Debug */ = {
			isa = XCBuildConfiguration;
			buildSettings = {
				ASSETCATALOG_COMPILER_APPICON_NAME = AppIcon;
				ASSETCATALOG_COMPILER_GLOBAL_ACCENT_COLOR_NAME = AccentColor;
				CODE_SIGN_ENTITLEMENTS = AIInstruments/AIInstruments.entitlements;
				CODE_SIGN_STYLE = Automatic;
				COMBINE_HIDPI_IMAGES = YES;
				CURRENT_PROJECT_VERSION = 1;
				DEAD_CODE_STRIPPING = YES;
				DEVELOPMENT_TEAM = 472CX8NLGF;
				ENABLE_APP_SANDBOX = YES;
				ENABLE_HARDENED_RUNTIME = YES;
				ENABLE_PREVIEWS = YES;
				ENABLE_USER_SELECTED_FILES = readonly;
				GENERATE_INFOPLIST_FILE = YES;
				INFOPLIST_KEY_CFBundleDisplayName = "AI Instruments";
				INFOPLIST_KEY_LSApplicationCategoryType = "public.app-category.developer-tools";
				INFOPLIST_KEY_NSHumanReadableCopyright = "";
				LD_RUNPATH_SEARCH_PATHS = (
					"$(inherited)",
					"@executable_path/../Frameworks",
				);
				MARKETING_VERSION = 1.0;
				PRODUCT_BUNDLE_IDENTIFIER = com.damianmarkowski.AIInstruments;
				PRODUCT_NAME = "$(TARGET_NAME)";
				REGISTER_APP_GROUPS = YES;
				STRING_CATALOG_GENERATE_SYMBOLS = YES;
				SWIFT_APPROACHABLE_CONCURRENCY = YES;
				SWIFT_DEFAULT_ACTOR_ISOLATION = MainActor;
				SWIFT_EMIT_LOC_STRINGS = YES;
				SWIFT_UPCOMING_FEATURE_MEMBER_IMPORT_VISIBILITY = YES;
				SWIFT_VERSION = 5.0;
			};
			name = Debug;
		};
		7AFB227A2F3E45110036CD93 /* Release */ = {
			isa = XCBuildConfiguration;
			buildSettings = {
				ASSETCATALOG_COMPILER_APPICON_NAME = AppIcon;
				ASSETCATALOG_COMPILER_GLOBAL_ACCENT_COLOR_NAME = AccentColor;
				CODE_SIGN_ENTITLEMENTS = AIInstruments/AIInstruments.entitlements;
				CODE_SIGN_STYLE = Automatic;
				COMBINE_HIDPI_IMAGES = YES;
				CURRENT_PROJECT_VERSION = 1;
				DEAD_CODE_STRIPPING = YES;
				DEVELOPMENT_TEAM = 472CX8NLGF;
				ENABLE_APP_SANDBOX = YES;
				ENABLE_HARDENED_RUNTIME = YES;
				ENABLE_PREVIEWS = YES;
				ENABLE_USER_SELECTED_FILES = readonly;
				GENERATE_INFOPLIST_FILE = YES;
				INFOPLIST_KEY_CFBundleDisplayName = "AI Instruments";
				INFOPLIST_KEY_LSApplicationCategoryType = "public.app-category.developer-tools";
				INFOPLIST_KEY_NSHumanReadableCopyright = "";
				LD_RUNPATH_SEARCH_PATHS = (
					"$(inherited)",
					"@executable_path/../Frameworks",
				);
				MARKETING_VERSION = 1.0;
				PRODUCT_BUNDLE_IDENTIFIER = com.damianmarkowski.AIInstruments;
				PRODUCT_NAME = "$(TARGET_NAME)";
				REGISTER_APP_GROUPS = YES;
				STRING_CATALOG_GENERATE_SYMBOLS = YES;
				SWIFT_APPROACHABLE_CONCURRENCY = YES;
				SWIFT_DEFAULT_ACTOR_ISOLATION = MainActor;
				SWIFT_EMIT_LOC_STRINGS = YES;
				SWIFT_UPCOMING_FEATURE_MEMBER_IMPORT_VISIBILITY = YES;
				SWIFT_VERSION = 5.0;
			};
			name = Release;
		};
		7AFB227C2F3E45110036CD93 /* Debug */ = {
			isa = XCBuildConfiguration;
			buildSettings = {
				BUNDLE_LOADER = "$(TEST_HOST)";
				CODE_SIGN_STYLE = Automatic;
				CURRENT_PROJECT_VERSION = 1;
				DEVELOPMENT_TEAM = 472CX8NLGF;
				GENERATE_INFOPLIST_FILE = YES;
				MACOSX_DEPLOYMENT_TARGET = 15.0;
				MARKETING_VERSION = 1.0;
				PRODUCT_BUNDLE_IDENTIFIER = com.damianmarkowski.AIInstrumentsTests;
				PRODUCT_NAME = "$(TARGET_NAME)";
				STRING_CATALOG_GENERATE_SYMBOLS = NO;
				SWIFT_APPROACHABLE_CONCURRENCY = YES;
				SWIFT_EMIT_LOC_STRINGS = NO;
				SWIFT_UPCOMING_FEATURE_MEMBER_IMPORT_VISIBILITY = YES;
				SWIFT_VERSION = 5.0;
				TEST_HOST = "$(BUILT_PRODUCTS_DIR)/AIInstruments.app/$(BUNDLE_EXECUTABLE_FOLDER_PATH)/AIInstruments";
			};
			name = Debug;
		};
		7AFB227D2F3E45110036CD93 /* Release */ = {
			isa = XCBuildConfiguration;
			buildSettings = {
				BUNDLE_LOADER = "$(TEST_HOST)";
				CODE_SIGN_STYLE = Automatic;
				CURRENT_PROJECT_VERSION = 1;
				DEVELOPMENT_TEAM = 472CX8NLGF;
				GENERATE_INFOPLIST_FILE = YES;
				MACOSX_DEPLOYMENT_TARGET = 15.0;
				MARKETING_VERSION = 1.0;
				PRODUCT_BUNDLE_IDENTIFIER = com.damianmarkowski.AIInstrumentsTests;
				PRODUCT_NAME = "$(TARGET_NAME)";
				STRING_CATALOG_GENERATE_SYMBOLS = NO;
				SWIFT_APPROACHABLE_CONCURRENCY = YES;
				SWIFT_EMIT_LOC_STRINGS = NO;
				SWIFT_UPCOMING_FEATURE_MEMBER_IMPORT_VISIBILITY = YES;
				SWIFT_VERSION = 5.0;
				TEST_HOST = "$(BUILT_PRODUCTS_DIR)/AIInstruments.app/$(BUNDLE_EXECUTABLE_FOLDER_PATH)/AIInstruments";
			};
			name = Release;
		};
		7AFB227F2F3E45110036CD93 /* Debug */ = {
			isa = XCBuildConfiguration;
			buildSettings = {
				CODE_SIGN_STYLE = Automatic;
				CURRENT_PROJECT_VERSION = 1;
				DEVELOPMENT_TEAM = 472CX8NLGF;
				GENERATE_INFOPLIST_FILE = YES;
				MARKETING_VERSION = 1.0;
				PRODUCT_BUNDLE_IDENTIFIER = com.damianmarkowski.AIInstrumentsUITests;
				PRODUCT_NAME = "$(TARGET_NAME)";
				STRING_CATALOG_GENERATE_SYMBOLS = NO;
				SWIFT_APPROACHABLE_CONCURRENCY = YES;
				SWIFT_EMIT_LOC_STRINGS = NO;
				SWIFT_UPCOMING_FEATURE_MEMBER_IMPORT_VISIBILITY = YES;
				SWIFT_VERSION = 5.0;
				TEST_TARGET_NAME = AIInstruments;
			};
			name = Debug;
		};
		7AFB22802F3E45110036CD93 /* Release */ = {
			isa = XCBuildConfiguration;
			buildSettings = {
				CODE_SIGN_STYLE = Automatic;
				CURRENT_PROJECT_VERSION = 1;
				DEVELOPMENT_TEAM = 472CX8NLGF;
				GENERATE_INFOPLIST_FILE = YES;
				MARKETING_VERSION = 1.0;
				PRODUCT_BUNDLE_IDENTIFIER = com.damianmarkowski.AIInstrumentsUITests;
				PRODUCT_NAME = "$(TARGET_NAME)";
				STRING_CATALOG_GENERATE_SYMBOLS = NO;
				SWIFT_APPROACHABLE_CONCURRENCY = YES;
				SWIFT_EMIT_LOC_STRINGS = NO;
				SWIFT_UPCOMING_FEATURE_MEMBER_IMPORT_VISIBILITY = YES;
				SWIFT_VERSION = 5.0;
				TEST_TARGET_NAME = AIInstruments;
			};
			name = Release;
		};
/* End XCBuildConfiguration section */

/* Begin XCConfigurationList section */
		7AFB22522F3E450F0036CD93 /* Build configuration list for PBXProject "AIInstruments" */ = {
			isa = XCConfigurationList;
			buildConfigurations = (
				7AFB22762F3E45110036CD93 /* Debug */,
				7AFB22772F3E45110036CD93 /* Release */,
			);
			defaultConfigurationIsVisible = 0;
			defaultConfigurationName = Release;
		};
		7AFB22782F3E45110036CD93 /* Build configuration list for PBXNativeTarget "AIInstruments" */ = {
			isa = XCConfigurationList;
			buildConfigurations = (
				7AFB22792F3E45110036CD93 /* Debug */,
				7AFB227A2F3E45110036CD93 /* Release */,
			);
			defaultConfigurationIsVisible = 0;
			defaultConfigurationName = Release;
		};
		7AFB227B2F3E45110036CD93 /* Build configuration list for PBXNativeTarget "AIInstrumentsTests" */ = {
			isa = XCConfigurationList;
			buildConfigurations = (
				7AFB227C2F3E45110036CD93 /* Debug */,
				7AFB227D2F3E45110036CD93 /* Release */,
			);
			defaultConfigurationIsVisible = 0;
			defaultConfigurationName = Release;
		};
		7AFB227E2F3E45110036CD93 /* Build configuration list for PBXNativeTarget "AIInstrumentsUITests" */ = {
			isa = XCConfigurationList;
			buildConfigurations = (
				7AFB227F2F3E45110036CD93 /* Debug */,
				7AFB22802F3E45110036CD93 /* Release */,
			);
			defaultConfigurationIsVisible = 0;
			defaultConfigurationName = Release;
		};
/* End XCConfigurationList section */

/* Begin XCRemoteSwiftPackageReference section */
		7AFB22812F3E45110036CD93 /* XCRemoteSwiftPackageReference "Nimble" */ = {
			isa = XCRemoteSwiftPackageReference;
			repositoryURL = "https://github.com/Quick/Nimble.git";
			requirement = {
				kind = upToNextMajorVersion;
				minimumVersion = 14.0.0;
			};
		};
		7AFB22842F3E45110036CD93 /* XCRemoteSwiftPackageReference "Factory" */ = {
			isa = XCRemoteSwiftPackageReference;
			repositoryURL = "https://github.com/hmlongco/Factory.git";
			requirement = {
				kind = upToNextMajorVersion;
				minimumVersion = 2.5.0;
			};
		};
/* End XCRemoteSwiftPackageReference section */

/* Begin XCSwiftPackageProductDependency section */
		7AFB22822F3E45110036CD93 /* Nimble */ = {
			isa = XCSwiftPackageProductDependency;
			package = 7AFB22812F3E45110036CD93 /* XCRemoteSwiftPackageReference "Nimble" */;
			productName = Nimble;
		};
		7AFB22862F3E45110036CD93 /* FactoryKit */ = {
			isa = XCSwiftPackageProductDependency;
			package = 7AFB22842F3E45110036CD93 /* XCRemoteSwiftPackageReference "Factory" */;
			productName = FactoryKit;
		};
		7AFB228A2F3E45110036CD93 /* FactoryTesting */ = {
			isa = XCSwiftPackageProductDependency;
			package = 7AFB22842F3E45110036CD93 /* XCRemoteSwiftPackageReference "Factory" */;
			productName = FactoryTesting;
		};
/* End XCSwiftPackageProductDependency section */
	};
	rootObject = 7AFB224F2F3E450F0036CD93 /* Project object */;
}
